// !$*UTF8*$!
{
	archiveVersion = 1;
	classes = {
	};
	objectVersion = 56;
	objects = {

/* Begin PBXBuildFile section */
		800BDDE02A1C5CDE001C6F17 /* CalendarManager.swift in Sources */ = {isa = PBXBuildFile; fileRef = 800BDDDF2A1C5CDE001C6F17 /* CalendarManager.swift */; };
		800BDDE22A1C88F9001C6F17 /* CalendarSection.swift in Sources */ = {isa = PBXBuildFile; fileRef = 800BDDE12A1C88F9001C6F17 /* CalendarSection.swift */; };
		80137CFD2A25EA8D00DE7E17 /* FoodViewController.swift in Sources */ = {isa = PBXBuildFile; fileRef = 80137CFC2A25EA8D00DE7E17 /* FoodViewController.swift */; };
		80137D012A25FA7B00DE7E17 /* FoodModalView.swift in Sources */ = {isa = PBXBuildFile; fileRef = 80137D002A25FA7B00DE7E17 /* FoodModalView.swift */; };
		802BE7792A1F2EDE005174E6 /* Food+CoreDataClass.swift in Sources */ = {isa = PBXBuildFile; fileRef = 802BE7752A1F2EDE005174E6 /* Food+CoreDataClass.swift */; };
		802BE77A2A1F2EDE005174E6 /* Food+CoreDataProperties.swift in Sources */ = {isa = PBXBuildFile; fileRef = 802BE7762A1F2EDE005174E6 /* Food+CoreDataProperties.swift */; };
		802BE77B2A1F2EDE005174E6 /* Menu+CoreDataClass.swift in Sources */ = {isa = PBXBuildFile; fileRef = 802BE7772A1F2EDE005174E6 /* Menu+CoreDataClass.swift */; };
		802BE77C2A1F2EDE005174E6 /* Menu+CoreDataProperties.swift in Sources */ = {isa = PBXBuildFile; fileRef = 802BE7782A1F2EDE005174E6 /* Menu+CoreDataProperties.swift */; };
		802BE77F2A1F4CAC005174E6 /* PersistenceManager.swift in Sources */ = {isa = PBXBuildFile; fileRef = 802BE77E2A1F4CAB005174E6 /* PersistenceManager.swift */; };
		802BE78E2A1FB9D5005174E6 /* CalendarDelegate.swift in Sources */ = {isa = PBXBuildFile; fileRef = 802BE78D2A1FB9D5005174E6 /* CalendarDelegate.swift */; };
		802BE7902A2081C3005174E6 /* MenuPopupViewController.swift in Sources */ = {isa = PBXBuildFile; fileRef = 802BE78F2A2081C3005174E6 /* MenuPopupViewController.swift */; };
		802BE7972A208359005174E6 /* MenuCollectionView.swift in Sources */ = {isa = PBXBuildFile; fileRef = 802BE7962A208359005174E6 /* MenuCollectionView.swift */; };
		802DFA202A24753D00DB6724 /* CalendarHeaderDateCell.swift in Sources */ = {isa = PBXBuildFile; fileRef = 802DFA1F2A24753D00DB6724 /* CalendarHeaderDateCell.swift */; };
		802DFA222A24769200DB6724 /* MenuHeaderDateView.swift in Sources */ = {isa = PBXBuildFile; fileRef = 802DFA212A24769200DB6724 /* MenuHeaderDateView.swift */; };
		802DFA242A2525B300DB6724 /* CalendarItem.swift in Sources */ = {isa = PBXBuildFile; fileRef = 802DFA232A2525B300DB6724 /* CalendarItem.swift */; };
		802DFA272A252BEC00DB6724 /* Notification.Name+.swift in Sources */ = {isa = PBXBuildFile; fileRef = 802DFA262A252BEC00DB6724 /* Notification.Name+.swift */; };
		802DFA292A252C0200DB6724 /* NotificationKeys.swift in Sources */ = {isa = PBXBuildFile; fileRef = 802DFA282A252C0200DB6724 /* NotificationKeys.swift */; };
		802DFA2B2A259A8F00DB6724 /* MenuHeaderComponent.swift in Sources */ = {isa = PBXBuildFile; fileRef = 802DFA2A2A259A8F00DB6724 /* MenuHeaderComponent.swift */; };
		802DFA2D2A25A8E300DB6724 /* MenuSection.swift in Sources */ = {isa = PBXBuildFile; fileRef = 802DFA2C2A25A8E300DB6724 /* MenuSection.swift */; };
		802DFA2F2A25A90200DB6724 /* MenuItem.swift in Sources */ = {isa = PBXBuildFile; fileRef = 802DFA2E2A25A90200DB6724 /* MenuItem.swift */; };
		802DFA312A25AB8200DB6724 /* MenuFooterView.swift in Sources */ = {isa = PBXBuildFile; fileRef = 802DFA302A25AB8200DB6724 /* MenuFooterView.swift */; };
		804F0BAD2A23C0D1009325B4 /* FoodCategory.swift in Sources */ = {isa = PBXBuildFile; fileRef = 804F0BAC2A23C0D1009325B4 /* FoodCategory.swift */; };
		805B99DE2A17D80D003FB5BF /* CollectionViewDiffableDataSourceProvidable.swift in Sources */ = {isa = PBXBuildFile; fileRef = 805B99DD2A17D80D003FB5BF /* CollectionViewDiffableDataSourceProvidable.swift */; };
		805B99E32A17E6DD003FB5BF /* Pretendard-Black.otf in Resources */ = {isa = PBXBuildFile; fileRef = 805B99E22A17E6DD003FB5BF /* Pretendard-Black.otf */; };
		805B99E52A17E6E3003FB5BF /* Pretendard-Bold.otf in Resources */ = {isa = PBXBuildFile; fileRef = 805B99E42A17E6E3003FB5BF /* Pretendard-Bold.otf */; };
		805B99E72A17E6E8003FB5BF /* Pretendard-ExtraBold.otf in Resources */ = {isa = PBXBuildFile; fileRef = 805B99E62A17E6E8003FB5BF /* Pretendard-ExtraBold.otf */; };
		805B99E92A17E6F0003FB5BF /* Pretendard-ExtraLight.otf in Resources */ = {isa = PBXBuildFile; fileRef = 805B99E82A17E6F0003FB5BF /* Pretendard-ExtraLight.otf */; };
		805B99EB2A17E6F9003FB5BF /* Pretendard-Light.otf in Resources */ = {isa = PBXBuildFile; fileRef = 805B99EA2A17E6F9003FB5BF /* Pretendard-Light.otf */; };
		805B99ED2A17E701003FB5BF /* Pretendard-Medium.otf in Resources */ = {isa = PBXBuildFile; fileRef = 805B99EC2A17E701003FB5BF /* Pretendard-Medium.otf */; };
		805B99EF2A17E708003FB5BF /* Pretendard-Regular.otf in Resources */ = {isa = PBXBuildFile; fileRef = 805B99EE2A17E708003FB5BF /* Pretendard-Regular.otf */; };
		805B99F12A17E70D003FB5BF /* Pretendard-SemiBold.otf in Resources */ = {isa = PBXBuildFile; fileRef = 805B99F02A17E70D003FB5BF /* Pretendard-SemiBold.otf */; };
		805B99F32A17E711003FB5BF /* Pretendard-Thin.otf in Resources */ = {isa = PBXBuildFile; fileRef = 805B99F22A17E711003FB5BF /* Pretendard-Thin.otf */; };
		805B99F52A17E779003FB5BF /* UIFont+.swift in Sources */ = {isa = PBXBuildFile; fileRef = 805B99F42A17E779003FB5BF /* UIFont+.swift */; };
		805B99FB2A192837003FB5BF /* DateCalculator.swift in Sources */ = {isa = PBXBuildFile; fileRef = 805B99FA2A192837003FB5BF /* DateCalculator.swift */; };
		805B99FD2A1928BC003FB5BF /* UICollectionView+.swift in Sources */ = {isa = PBXBuildFile; fileRef = 805B99FC2A1928BC003FB5BF /* UICollectionView+.swift */; };
		805B9A012A192AF3003FB5BF /* WeakView.swift in Sources */ = {isa = PBXBuildFile; fileRef = 805B9A002A192AF3003FB5BF /* WeakView.swift */; };
		805B9A032A192FCC003FB5BF /* UICollectionReusableView+.swift in Sources */ = {isa = PBXBuildFile; fileRef = 805B9A022A192FCC003FB5BF /* UICollectionReusableView+.swift */; };
		806EA3722A26D76F004354F7 /* AlarmSwitchView.swift in Sources */ = {isa = PBXBuildFile; fileRef = 806EA3712A26D76F004354F7 /* AlarmSwitchView.swift */; };
		807215872A2609B0002EF053 /* FoodListStackView.swift in Sources */ = {isa = PBXBuildFile; fileRef = 807215862A2609B0002EF053 /* FoodListStackView.swift */; };
		8072158A2A261DCD002EF053 /* FoodManager.swift in Sources */ = {isa = PBXBuildFile; fileRef = 807215892A261DCD002EF053 /* FoodManager.swift */; };
		8072158C2A262EA7002EF053 /* FoodList.swift in Sources */ = {isa = PBXBuildFile; fileRef = 8072158B2A262EA7002EF053 /* FoodList.swift */; };
		8072158F2A265ED0002EF053 /* MenuPopupViewDelegate.swift in Sources */ = {isa = PBXBuildFile; fileRef = 8072158E2A265ED0002EF053 /* MenuPopupViewDelegate.swift */; };
		807215922A26665D002EF053 /* ListTableView.swift in Sources */ = {isa = PBXBuildFile; fileRef = 807215912A26665D002EF053 /* ListTableView.swift */; };
		807215942A2669A7002EF053 /* UITableViewCell+.swift in Sources */ = {isa = PBXBuildFile; fileRef = 807215932A2669A7002EF053 /* UITableViewCell+.swift */; };
		807215962A2669C4002EF053 /* UITableView+.swift in Sources */ = {isa = PBXBuildFile; fileRef = 807215952A2669C4002EF053 /* UITableView+.swift */; };
		807215982A266A16002EF053 /* ListCell.swift in Sources */ = {isa = PBXBuildFile; fileRef = 807215972A266A16002EF053 /* ListCell.swift */; };
		8072159C2A266B4F002EF053 /* TableViewProvidable.swift in Sources */ = {isa = PBXBuildFile; fileRef = 8072159B2A266B4F002EF053 /* TableViewProvidable.swift */; };
		8072159E2A266BA8002EF053 /* TableViewDiffableDataSourceProvidable.swift in Sources */ = {isa = PBXBuildFile; fileRef = 8072159D2A266BA8002EF053 /* TableViewDiffableDataSourceProvidable.swift */; };
		807215A52A26710C002EF053 /* ListDiffableDataSourceProvider.swift in Sources */ = {isa = PBXBuildFile; fileRef = 807215A42A26710C002EF053 /* ListDiffableDataSourceProvider.swift */; };
		807215A82A267146002EF053 /* ListSection.swift in Sources */ = {isa = PBXBuildFile; fileRef = 807215A72A267146002EF053 /* ListSection.swift */; };
		807215AA2A267391002EF053 /* ListManager.swift in Sources */ = {isa = PBXBuildFile; fileRef = 807215A92A267391002EF053 /* ListManager.swift */; };
		809DCCF32A1667BE0030F746 /* AppDelegate.swift in Sources */ = {isa = PBXBuildFile; fileRef = 809DCCF22A1667BE0030F746 /* AppDelegate.swift */; };
		809DCCF52A1667BE0030F746 /* SceneDelegate.swift in Sources */ = {isa = PBXBuildFile; fileRef = 809DCCF42A1667BE0030F746 /* SceneDelegate.swift */; };
		809DCCF72A1667BE0030F746 /* CalendarViewController.swift in Sources */ = {isa = PBXBuildFile; fileRef = 809DCCF62A1667BE0030F746 /* CalendarViewController.swift */; };
		809DCCFC2A1667BF0030F746 /* Assets.xcassets in Resources */ = {isa = PBXBuildFile; fileRef = 809DCCFB2A1667BF0030F746 /* Assets.xcassets */; };
		809DCCFF2A1667BF0030F746 /* LaunchScreen.storyboard in Resources */ = {isa = PBXBuildFile; fileRef = 809DCCFD2A1667BF0030F746 /* LaunchScreen.storyboard */; };
		809DCD142A1667BF0030F746 /* ios_menu_appUITests.swift in Sources */ = {isa = PBXBuildFile; fileRef = 809DCD132A1667BF0030F746 /* ios_menu_appUITests.swift */; };
		809DCD162A1667BF0030F746 /* ios_menu_appUITestsLaunchTests.swift in Sources */ = {isa = PBXBuildFile; fileRef = 809DCD152A1667BF0030F746 /* ios_menu_appUITestsLaunchTests.swift */; };
		809DCD292A166BC10030F746 /* Palette.swift in Sources */ = {isa = PBXBuildFile; fileRef = 809DCD272A166BC10030F746 /* Palette.swift */; };
		809DCD2A2A166BC10030F746 /* Color.xcassets in Resources */ = {isa = PBXBuildFile; fileRef = 809DCD282A166BC10030F746 /* Color.xcassets */; };
		809DCD2D2A166C0E0030F746 /* UIColor+.swift in Sources */ = {isa = PBXBuildFile; fileRef = 809DCD2C2A166C0E0030F746 /* UIColor+.swift */; };
		809DCD302A1670000030F746 /* TabBarController.swift in Sources */ = {isa = PBXBuildFile; fileRef = 809DCD2F2A1670000030F746 /* TabBarController.swift */; };
		809DCD322A16706F0030F746 /* ListViewController.swift in Sources */ = {isa = PBXBuildFile; fileRef = 809DCD312A16706F0030F746 /* ListViewController.swift */; };
		809DCD342A1670920030F746 /* PushAlarmViewController.swift in Sources */ = {isa = PBXBuildFile; fileRef = 809DCD332A1670920030F746 /* PushAlarmViewController.swift */; };
		809DCD382A1671570030F746 /* TabBarModel.swift in Sources */ = {isa = PBXBuildFile; fileRef = 809DCD372A1671570030F746 /* TabBarModel.swift */; };
		809DCD3C2A1672230030F746 /* TabBarView.swift in Sources */ = {isa = PBXBuildFile; fileRef = 809DCD3B2A1672230030F746 /* TabBarView.swift */; };
		809DCD3F2A1711240030F746 /* CalendarCollectionView.swift in Sources */ = {isa = PBXBuildFile; fileRef = 809DCD3E2A1711240030F746 /* CalendarCollectionView.swift */; };
		809DCD422A1713390030F746 /* CalendarDiffableDataSourceProvider.swift in Sources */ = {isa = PBXBuildFile; fileRef = 809DCD412A1713390030F746 /* CalendarDiffableDataSourceProvider.swift */; };
		809DCD4B2A174D810030F746 /* CollectionViewProvidable.swift in Sources */ = {isa = PBXBuildFile; fileRef = 809DCD4A2A174D810030F746 /* CollectionViewProvidable.swift */; };
		809DCD4D2A174E6E0030F746 /* DateCell.swift in Sources */ = {isa = PBXBuildFile; fileRef = 809DCD4C2A174E6E0030F746 /* DateCell.swift */; };
		80C806CF2A1E52FC00506FAC /* Menu.xcdatamodeld in Sources */ = {isa = PBXBuildFile; fileRef = 80C806CD2A1E52FC00506FAC /* Menu.xcdatamodeld */; };
		80D4BCDB2A20872E009FEFC5 /* MenuPopupView.swift in Sources */ = {isa = PBXBuildFile; fileRef = 80D4BCDA2A20872E009FEFC5 /* MenuPopupView.swift */; };
		80D4BCDD2A209386009FEFC5 /* Date+.swift in Sources */ = {isa = PBXBuildFile; fileRef = 80D4BCDC2A209386009FEFC5 /* Date+.swift */; };
		80D4BCE32A211C32009FEFC5 /* UIButton+.swift in Sources */ = {isa = PBXBuildFile; fileRef = 80D4BCE22A211C32009FEFC5 /* UIButton+.swift */; };
		80D4BCE82A211D5E009FEFC5 /* SystemName.swift in Sources */ = {isa = PBXBuildFile; fileRef = 80D4BCE72A211D5E009FEFC5 /* SystemName.swift */; };
		80D4BCEC2A211FAF009FEFC5 /* PretendardLabel.swift in Sources */ = {isa = PBXBuildFile; fileRef = 80D4BCEB2A211FAF009FEFC5 /* PretendardLabel.swift */; };
		80D4BCF52A226298009FEFC5 /* ToolBarButton.swift in Sources */ = {isa = PBXBuildFile; fileRef = 80D4BCF42A226298009FEFC5 /* ToolBarButton.swift */; };
		80D4BCFE2A228C78009FEFC5 /* MenuCell.swift in Sources */ = {isa = PBXBuildFile; fileRef = 80D4BCFD2A228C78009FEFC5 /* MenuCell.swift */; };
		80EBF0C42A232CE70094798E /* MenuDiffableDataSourceProvider.swift in Sources */ = {isa = PBXBuildFile; fileRef = 80EBF0C32A232CE70094798E /* MenuDiffableDataSourceProvider.swift */; };
		80EBF0C62A23319D0094798E /* MenuManager.swift in Sources */ = {isa = PBXBuildFile; fileRef = 80EBF0C52A23319D0094798E /* MenuManager.swift */; };
		80F341D22A19411100F3C750 /* CALayer+.swift in Sources */ = {isa = PBXBuildFile; fileRef = 80F341D12A19411100F3C750 /* CALayer+.swift */; };
		80F341D42A19446A00F3C750 /* UIStackView+.swift in Sources */ = {isa = PBXBuildFile; fileRef = 80F341D32A19446A00F3C750 /* UIStackView+.swift */; };
		80F341DB2A1A714500F3C750 /* SeparateBarView.swift in Sources */ = {isa = PBXBuildFile; fileRef = 80F341DA2A1A714500F3C750 /* SeparateBarView.swift */; };
		80F341DD2A1B2C5400F3C750 /* DayComponent.swift in Sources */ = {isa = PBXBuildFile; fileRef = 80F341DC2A1B2C5400F3C750 /* DayComponent.swift */; };
		80F341DF2A1B2E8900F3C750 /* MonthComponent.swift in Sources */ = {isa = PBXBuildFile; fileRef = 80F341DE2A1B2E8900F3C750 /* MonthComponent.swift */; };
		80F341E22A1B333000F3C750 /* CalendarError.swift in Sources */ = {isa = PBXBuildFile; fileRef = 80F341E12A1B333000F3C750 /* CalendarError.swift */; };
/* End PBXBuildFile section */

/* Begin PBXContainerItemProxy section */
		809DCD062A1667BF0030F746 /* PBXContainerItemProxy */ = {
			isa = PBXContainerItemProxy;
			containerPortal = 809DCCE72A1667BE0030F746 /* Project object */;
			proxyType = 1;
			remoteGlobalIDString = 809DCCEE2A1667BE0030F746;
			remoteInfo = "ios-menu-app";
		};
		809DCD102A1667BF0030F746 /* PBXContainerItemProxy */ = {
			isa = PBXContainerItemProxy;
			containerPortal = 809DCCE72A1667BE0030F746 /* Project object */;
			proxyType = 1;
			remoteGlobalIDString = 809DCCEE2A1667BE0030F746;
			remoteInfo = "ios-menu-app";
		};
/* End PBXContainerItemProxy section */

/* Begin PBXFileReference section */
		800BDDDF2A1C5CDE001C6F17 /* CalendarManager.swift */ = {isa = PBXFileReference; lastKnownFileType = sourcecode.swift; path = CalendarManager.swift; sourceTree = "<group>"; };
		800BDDE12A1C88F9001C6F17 /* CalendarSection.swift */ = {isa = PBXFileReference; lastKnownFileType = sourcecode.swift; path = CalendarSection.swift; sourceTree = "<group>"; };
		80137CFC2A25EA8D00DE7E17 /* FoodViewController.swift */ = {isa = PBXFileReference; lastKnownFileType = sourcecode.swift; path = FoodViewController.swift; sourceTree = "<group>"; };
		80137D002A25FA7B00DE7E17 /* FoodModalView.swift */ = {isa = PBXFileReference; lastKnownFileType = sourcecode.swift; path = FoodModalView.swift; sourceTree = "<group>"; };
		802BE7752A1F2EDE005174E6 /* Food+CoreDataClass.swift */ = {isa = PBXFileReference; lastKnownFileType = sourcecode.swift; path = "Food+CoreDataClass.swift"; sourceTree = "<group>"; };
		802BE7762A1F2EDE005174E6 /* Food+CoreDataProperties.swift */ = {isa = PBXFileReference; lastKnownFileType = sourcecode.swift; path = "Food+CoreDataProperties.swift"; sourceTree = "<group>"; };
		802BE7772A1F2EDE005174E6 /* Menu+CoreDataClass.swift */ = {isa = PBXFileReference; lastKnownFileType = sourcecode.swift; path = "Menu+CoreDataClass.swift"; sourceTree = "<group>"; };
		802BE7782A1F2EDE005174E6 /* Menu+CoreDataProperties.swift */ = {isa = PBXFileReference; lastKnownFileType = sourcecode.swift; path = "Menu+CoreDataProperties.swift"; sourceTree = "<group>"; };
		802BE77E2A1F4CAB005174E6 /* PersistenceManager.swift */ = {isa = PBXFileReference; lastKnownFileType = sourcecode.swift; path = PersistenceManager.swift; sourceTree = "<group>"; };
		802BE78D2A1FB9D5005174E6 /* CalendarDelegate.swift */ = {isa = PBXFileReference; lastKnownFileType = sourcecode.swift; path = CalendarDelegate.swift; sourceTree = "<group>"; };
		802BE78F2A2081C3005174E6 /* MenuPopupViewController.swift */ = {isa = PBXFileReference; lastKnownFileType = sourcecode.swift; path = MenuPopupViewController.swift; sourceTree = "<group>"; };
		802BE7962A208359005174E6 /* MenuCollectionView.swift */ = {isa = PBXFileReference; lastKnownFileType = sourcecode.swift; path = MenuCollectionView.swift; sourceTree = "<group>"; };
		802DFA1F2A24753D00DB6724 /* CalendarHeaderDateCell.swift */ = {isa = PBXFileReference; lastKnownFileType = sourcecode.swift; path = CalendarHeaderDateCell.swift; sourceTree = "<group>"; };
		802DFA212A24769200DB6724 /* MenuHeaderDateView.swift */ = {isa = PBXFileReference; lastKnownFileType = sourcecode.swift; path = MenuHeaderDateView.swift; sourceTree = "<group>"; };
		802DFA232A2525B300DB6724 /* CalendarItem.swift */ = {isa = PBXFileReference; lastKnownFileType = sourcecode.swift; path = CalendarItem.swift; sourceTree = "<group>"; };
		802DFA262A252BEC00DB6724 /* Notification.Name+.swift */ = {isa = PBXFileReference; lastKnownFileType = sourcecode.swift; path = "Notification.Name+.swift"; sourceTree = "<group>"; };
		802DFA282A252C0200DB6724 /* NotificationKeys.swift */ = {isa = PBXFileReference; lastKnownFileType = sourcecode.swift; path = NotificationKeys.swift; sourceTree = "<group>"; };
		802DFA2A2A259A8F00DB6724 /* MenuHeaderComponent.swift */ = {isa = PBXFileReference; lastKnownFileType = sourcecode.swift; path = MenuHeaderComponent.swift; sourceTree = "<group>"; };
		802DFA2C2A25A8E300DB6724 /* MenuSection.swift */ = {isa = PBXFileReference; lastKnownFileType = sourcecode.swift; path = MenuSection.swift; sourceTree = "<group>"; };
		802DFA2E2A25A90200DB6724 /* MenuItem.swift */ = {isa = PBXFileReference; lastKnownFileType = sourcecode.swift; path = MenuItem.swift; sourceTree = "<group>"; };
		802DFA302A25AB8200DB6724 /* MenuFooterView.swift */ = {isa = PBXFileReference; lastKnownFileType = sourcecode.swift; path = MenuFooterView.swift; sourceTree = "<group>"; };
		804F0BAC2A23C0D1009325B4 /* FoodCategory.swift */ = {isa = PBXFileReference; lastKnownFileType = sourcecode.swift; path = FoodCategory.swift; sourceTree = "<group>"; };
		805B99DD2A17D80D003FB5BF /* CollectionViewDiffableDataSourceProvidable.swift */ = {isa = PBXFileReference; lastKnownFileType = sourcecode.swift; path = CollectionViewDiffableDataSourceProvidable.swift; sourceTree = "<group>"; };
		805B99E22A17E6DD003FB5BF /* Pretendard-Black.otf */ = {isa = PBXFileReference; lastKnownFileType = file; path = "Pretendard-Black.otf"; sourceTree = "<group>"; };
		805B99E42A17E6E3003FB5BF /* Pretendard-Bold.otf */ = {isa = PBXFileReference; lastKnownFileType = file; path = "Pretendard-Bold.otf"; sourceTree = "<group>"; };
		805B99E62A17E6E8003FB5BF /* Pretendard-ExtraBold.otf */ = {isa = PBXFileReference; lastKnownFileType = file; path = "Pretendard-ExtraBold.otf"; sourceTree = "<group>"; };
		805B99E82A17E6F0003FB5BF /* Pretendard-ExtraLight.otf */ = {isa = PBXFileReference; lastKnownFileType = file; path = "Pretendard-ExtraLight.otf"; sourceTree = "<group>"; };
		805B99EA2A17E6F9003FB5BF /* Pretendard-Light.otf */ = {isa = PBXFileReference; lastKnownFileType = file; path = "Pretendard-Light.otf"; sourceTree = "<group>"; };
		805B99EC2A17E701003FB5BF /* Pretendard-Medium.otf */ = {isa = PBXFileReference; lastKnownFileType = file; path = "Pretendard-Medium.otf"; sourceTree = "<group>"; };
		805B99EE2A17E708003FB5BF /* Pretendard-Regular.otf */ = {isa = PBXFileReference; lastKnownFileType = file; path = "Pretendard-Regular.otf"; sourceTree = "<group>"; };
		805B99F02A17E70D003FB5BF /* Pretendard-SemiBold.otf */ = {isa = PBXFileReference; lastKnownFileType = file; path = "Pretendard-SemiBold.otf"; sourceTree = "<group>"; };
		805B99F22A17E711003FB5BF /* Pretendard-Thin.otf */ = {isa = PBXFileReference; lastKnownFileType = file; path = "Pretendard-Thin.otf"; sourceTree = "<group>"; };
		805B99F42A17E779003FB5BF /* UIFont+.swift */ = {isa = PBXFileReference; lastKnownFileType = sourcecode.swift; path = "UIFont+.swift"; sourceTree = "<group>"; };
		805B99FA2A192837003FB5BF /* DateCalculator.swift */ = {isa = PBXFileReference; lastKnownFileType = sourcecode.swift; path = DateCalculator.swift; sourceTree = "<group>"; };
		805B99FC2A1928BC003FB5BF /* UICollectionView+.swift */ = {isa = PBXFileReference; lastKnownFileType = sourcecode.swift; path = "UICollectionView+.swift"; sourceTree = "<group>"; };
		805B9A002A192AF3003FB5BF /* WeakView.swift */ = {isa = PBXFileReference; lastKnownFileType = sourcecode.swift; path = WeakView.swift; sourceTree = "<group>"; };
		805B9A022A192FCC003FB5BF /* UICollectionReusableView+.swift */ = {isa = PBXFileReference; lastKnownFileType = sourcecode.swift; path = "UICollectionReusableView+.swift"; sourceTree = "<group>"; };
		806EA3712A26D76F004354F7 /* AlarmSwitchView.swift */ = {isa = PBXFileReference; lastKnownFileType = sourcecode.swift; path = AlarmSwitchView.swift; sourceTree = "<group>"; };
		807215862A2609B0002EF053 /* FoodListStackView.swift */ = {isa = PBXFileReference; lastKnownFileType = sourcecode.swift; path = FoodListStackView.swift; sourceTree = "<group>"; };
		807215892A261DCD002EF053 /* FoodManager.swift */ = {isa = PBXFileReference; lastKnownFileType = sourcecode.swift; path = FoodManager.swift; sourceTree = "<group>"; };
		8072158B2A262EA7002EF053 /* FoodList.swift */ = {isa = PBXFileReference; lastKnownFileType = sourcecode.swift; path = FoodList.swift; sourceTree = "<group>"; };
		8072158E2A265ED0002EF053 /* MenuPopupViewDelegate.swift */ = {isa = PBXFileReference; lastKnownFileType = sourcecode.swift; path = MenuPopupViewDelegate.swift; sourceTree = "<group>"; };
		807215912A26665D002EF053 /* ListTableView.swift */ = {isa = PBXFileReference; lastKnownFileType = sourcecode.swift; path = ListTableView.swift; sourceTree = "<group>"; };
		807215932A2669A7002EF053 /* UITableViewCell+.swift */ = {isa = PBXFileReference; lastKnownFileType = sourcecode.swift; path = "UITableViewCell+.swift"; sourceTree = "<group>"; };
		807215952A2669C4002EF053 /* UITableView+.swift */ = {isa = PBXFileReference; lastKnownFileType = sourcecode.swift; path = "UITableView+.swift"; sourceTree = "<group>"; };
		807215972A266A16002EF053 /* ListCell.swift */ = {isa = PBXFileReference; lastKnownFileType = sourcecode.swift; path = ListCell.swift; sourceTree = "<group>"; };
		8072159B2A266B4F002EF053 /* TableViewProvidable.swift */ = {isa = PBXFileReference; lastKnownFileType = sourcecode.swift; path = TableViewProvidable.swift; sourceTree = "<group>"; };
		8072159D2A266BA8002EF053 /* TableViewDiffableDataSourceProvidable.swift */ = {isa = PBXFileReference; lastKnownFileType = sourcecode.swift; path = TableViewDiffableDataSourceProvidable.swift; sourceTree = "<group>"; };
		807215A42A26710C002EF053 /* ListDiffableDataSourceProvider.swift */ = {isa = PBXFileReference; lastKnownFileType = sourcecode.swift; path = ListDiffableDataSourceProvider.swift; sourceTree = "<group>"; };
		807215A72A267146002EF053 /* ListSection.swift */ = {isa = PBXFileReference; lastKnownFileType = sourcecode.swift; path = ListSection.swift; sourceTree = "<group>"; };
		807215A92A267391002EF053 /* ListManager.swift */ = {isa = PBXFileReference; lastKnownFileType = sourcecode.swift; path = ListManager.swift; sourceTree = "<group>"; };
		809DCCEF2A1667BE0030F746 /* ios-menu-app.app */ = {isa = PBXFileReference; explicitFileType = wrapper.application; includeInIndex = 0; path = "ios-menu-app.app"; sourceTree = BUILT_PRODUCTS_DIR; };
		809DCCF22A1667BE0030F746 /* AppDelegate.swift */ = {isa = PBXFileReference; lastKnownFileType = sourcecode.swift; path = AppDelegate.swift; sourceTree = "<group>"; };
		809DCCF42A1667BE0030F746 /* SceneDelegate.swift */ = {isa = PBXFileReference; lastKnownFileType = sourcecode.swift; path = SceneDelegate.swift; sourceTree = "<group>"; };
		809DCCF62A1667BE0030F746 /* CalendarViewController.swift */ = {isa = PBXFileReference; lastKnownFileType = sourcecode.swift; path = CalendarViewController.swift; sourceTree = "<group>"; };
		809DCCFB2A1667BF0030F746 /* Assets.xcassets */ = {isa = PBXFileReference; lastKnownFileType = folder.assetcatalog; path = Assets.xcassets; sourceTree = "<group>"; };
		809DCCFE2A1667BF0030F746 /* Base */ = {isa = PBXFileReference; lastKnownFileType = file.storyboard; name = Base; path = Base.lproj/LaunchScreen.storyboard; sourceTree = "<group>"; };
		809DCD002A1667BF0030F746 /* Info.plist */ = {isa = PBXFileReference; lastKnownFileType = text.plist.xml; path = Info.plist; sourceTree = "<group>"; };
		809DCD052A1667BF0030F746 /* ios-menu-appTests.xctest */ = {isa = PBXFileReference; explicitFileType = wrapper.cfbundle; includeInIndex = 0; path = "ios-menu-appTests.xctest"; sourceTree = BUILT_PRODUCTS_DIR; };
		809DCD092A1667BF0030F746 /* CoreDataTest.swift */ = {isa = PBXFileReference; lastKnownFileType = sourcecode.swift; path = CoreDataTest.swift; sourceTree = "<group>"; };
		809DCD0F2A1667BF0030F746 /* ios-menu-appUITests.xctest */ = {isa = PBXFileReference; explicitFileType = wrapper.cfbundle; includeInIndex = 0; path = "ios-menu-appUITests.xctest"; sourceTree = BUILT_PRODUCTS_DIR; };
		809DCD132A1667BF0030F746 /* ios_menu_appUITests.swift */ = {isa = PBXFileReference; lastKnownFileType = sourcecode.swift; path = ios_menu_appUITests.swift; sourceTree = "<group>"; };
		809DCD152A1667BF0030F746 /* ios_menu_appUITestsLaunchTests.swift */ = {isa = PBXFileReference; lastKnownFileType = sourcecode.swift; path = ios_menu_appUITestsLaunchTests.swift; sourceTree = "<group>"; };
		809DCD272A166BC10030F746 /* Palette.swift */ = {isa = PBXFileReference; fileEncoding = 4; lastKnownFileType = sourcecode.swift; path = Palette.swift; sourceTree = "<group>"; };
		809DCD282A166BC10030F746 /* Color.xcassets */ = {isa = PBXFileReference; lastKnownFileType = folder.assetcatalog; path = Color.xcassets; sourceTree = "<group>"; };
		809DCD2C2A166C0E0030F746 /* UIColor+.swift */ = {isa = PBXFileReference; lastKnownFileType = sourcecode.swift; path = "UIColor+.swift"; sourceTree = "<group>"; };
		809DCD2F2A1670000030F746 /* TabBarController.swift */ = {isa = PBXFileReference; lastKnownFileType = sourcecode.swift; path = TabBarController.swift; sourceTree = "<group>"; };
		809DCD312A16706F0030F746 /* ListViewController.swift */ = {isa = PBXFileReference; lastKnownFileType = sourcecode.swift; path = ListViewController.swift; sourceTree = "<group>"; };
		809DCD332A1670920030F746 /* PushAlarmViewController.swift */ = {isa = PBXFileReference; lastKnownFileType = sourcecode.swift; path = PushAlarmViewController.swift; sourceTree = "<group>"; };
		809DCD372A1671570030F746 /* TabBarModel.swift */ = {isa = PBXFileReference; lastKnownFileType = sourcecode.swift; path = TabBarModel.swift; sourceTree = "<group>"; };
		809DCD3B2A1672230030F746 /* TabBarView.swift */ = {isa = PBXFileReference; lastKnownFileType = sourcecode.swift; path = TabBarView.swift; sourceTree = "<group>"; };
		809DCD3E2A1711240030F746 /* CalendarCollectionView.swift */ = {isa = PBXFileReference; lastKnownFileType = sourcecode.swift; path = CalendarCollectionView.swift; sourceTree = "<group>"; };
		809DCD412A1713390030F746 /* CalendarDiffableDataSourceProvider.swift */ = {isa = PBXFileReference; lastKnownFileType = sourcecode.swift; path = CalendarDiffableDataSourceProvider.swift; sourceTree = "<group>"; };
		809DCD4A2A174D810030F746 /* CollectionViewProvidable.swift */ = {isa = PBXFileReference; lastKnownFileType = sourcecode.swift; path = CollectionViewProvidable.swift; sourceTree = "<group>"; };
		809DCD4C2A174E6E0030F746 /* DateCell.swift */ = {isa = PBXFileReference; lastKnownFileType = sourcecode.swift; path = DateCell.swift; sourceTree = "<group>"; };
		80C806CE2A1E52FC00506FAC /* Menu.xcdatamodel */ = {isa = PBXFileReference; lastKnownFileType = wrapper.xcdatamodel; path = Menu.xcdatamodel; sourceTree = "<group>"; };
		80D4BCDA2A20872E009FEFC5 /* MenuPopupView.swift */ = {isa = PBXFileReference; lastKnownFileType = sourcecode.swift; path = MenuPopupView.swift; sourceTree = "<group>"; };
		80D4BCDC2A209386009FEFC5 /* Date+.swift */ = {isa = PBXFileReference; lastKnownFileType = sourcecode.swift; path = "Date+.swift"; sourceTree = "<group>"; };
		80D4BCE22A211C32009FEFC5 /* UIButton+.swift */ = {isa = PBXFileReference; lastKnownFileType = sourcecode.swift; path = "UIButton+.swift"; sourceTree = "<group>"; };
		80D4BCE72A211D5E009FEFC5 /* SystemName.swift */ = {isa = PBXFileReference; lastKnownFileType = sourcecode.swift; path = SystemName.swift; sourceTree = "<group>"; };
		80D4BCEB2A211FAF009FEFC5 /* PretendardLabel.swift */ = {isa = PBXFileReference; lastKnownFileType = sourcecode.swift; path = PretendardLabel.swift; sourceTree = "<group>"; };
		80D4BCF42A226298009FEFC5 /* ToolBarButton.swift */ = {isa = PBXFileReference; lastKnownFileType = sourcecode.swift; path = ToolBarButton.swift; sourceTree = "<group>"; };
		80D4BCFD2A228C78009FEFC5 /* MenuCell.swift */ = {isa = PBXFileReference; lastKnownFileType = sourcecode.swift; path = MenuCell.swift; sourceTree = "<group>"; };
		80EBF0C32A232CE70094798E /* MenuDiffableDataSourceProvider.swift */ = {isa = PBXFileReference; lastKnownFileType = sourcecode.swift; path = MenuDiffableDataSourceProvider.swift; sourceTree = "<group>"; };
		80EBF0C52A23319D0094798E /* MenuManager.swift */ = {isa = PBXFileReference; lastKnownFileType = sourcecode.swift; path = MenuManager.swift; sourceTree = "<group>"; };
		80F341D12A19411100F3C750 /* CALayer+.swift */ = {isa = PBXFileReference; lastKnownFileType = sourcecode.swift; path = "CALayer+.swift"; sourceTree = "<group>"; };
		80F341D32A19446A00F3C750 /* UIStackView+.swift */ = {isa = PBXFileReference; lastKnownFileType = sourcecode.swift; path = "UIStackView+.swift"; sourceTree = "<group>"; };
		80F341DA2A1A714500F3C750 /* SeparateBarView.swift */ = {isa = PBXFileReference; lastKnownFileType = sourcecode.swift; path = SeparateBarView.swift; sourceTree = "<group>"; };
		80F341DC2A1B2C5400F3C750 /* DayComponent.swift */ = {isa = PBXFileReference; lastKnownFileType = sourcecode.swift; path = DayComponent.swift; sourceTree = "<group>"; };
		80F341DE2A1B2E8900F3C750 /* MonthComponent.swift */ = {isa = PBXFileReference; lastKnownFileType = sourcecode.swift; path = MonthComponent.swift; sourceTree = "<group>"; };
		80F341E12A1B333000F3C750 /* CalendarError.swift */ = {isa = PBXFileReference; lastKnownFileType = sourcecode.swift; path = CalendarError.swift; sourceTree = "<group>"; };
/* End PBXFileReference section */

/* Begin PBXFrameworksBuildPhase section */
		809DCCEC2A1667BE0030F746 /* Frameworks */ = {
			isa = PBXFrameworksBuildPhase;
			buildActionMask = 2147483647;
			files = (
			);
			runOnlyForDeploymentPostprocessing = 0;
		};
		809DCD022A1667BF0030F746 /* Frameworks */ = {
			isa = PBXFrameworksBuildPhase;
			buildActionMask = 2147483647;
			files = (
			);
			runOnlyForDeploymentPostprocessing = 0;
		};
		809DCD0C2A1667BF0030F746 /* Frameworks */ = {
			isa = PBXFrameworksBuildPhase;
			buildActionMask = 2147483647;
			files = (
			);
			runOnlyForDeploymentPostprocessing = 0;
		};
/* End PBXFrameworksBuildPhase section */

/* Begin PBXGroup section */
		80137CFE2A25FA4A00DE7E17 /* Food */ = {
			isa = PBXGroup;
			children = (
				804F0BAC2A23C0D1009325B4 /* FoodCategory.swift */,
				8072158B2A262EA7002EF053 /* FoodList.swift */,
			);
			path = Food;
			sourceTree = "<group>";
		};
		80137CFF2A25FA5F00DE7E17 /* Food */ = {
			isa = PBXGroup;
			children = (
				80137D002A25FA7B00DE7E17 /* FoodModalView.swift */,
			);
			path = Food;
			sourceTree = "<group>";
		};
		802BE77D2A1F4C97005174E6 /* CoreData */ = {
			isa = PBXGroup;
			children = (
				802BE77E2A1F4CAB005174E6 /* PersistenceManager.swift */,
			);
			path = CoreData;
			sourceTree = "<group>";
		};
		802BE7912A2082CF005174E6 /* Menu */ = {
			isa = PBXGroup;
			children = (
				8072158D2A265EBB002EF053 /* Interface */,
				80EBF0C22A232C8D0094798E /* Implementation */,
			);
			path = Menu;
			sourceTree = "<group>";
		};
		802BE7922A2082D6005174E6 /* Menu */ = {
			isa = PBXGroup;
			children = (
				802BE7952A20833E005174E6 /* Implementation */,
			);
			path = Menu;
			sourceTree = "<group>";
		};
		802BE7952A20833E005174E6 /* Implementation */ = {
			isa = PBXGroup;
			children = (
				802BE7962A208359005174E6 /* MenuCollectionView.swift */,
				80D4BCDA2A20872E009FEFC5 /* MenuPopupView.swift */,
				80D4BCFD2A228C78009FEFC5 /* MenuCell.swift */,
				802DFA212A24769200DB6724 /* MenuHeaderDateView.swift */,
				802DFA302A25AB8200DB6724 /* MenuFooterView.swift */,
			);
			path = Implementation;
			sourceTree = "<group>";
		};
		802DFA252A252BC000DB6724 /* Notification */ = {
			isa = PBXGroup;
			children = (
				802DFA262A252BEC00DB6724 /* Notification.Name+.swift */,
				802DFA282A252C0200DB6724 /* NotificationKeys.swift */,
			);
			path = Notification;
			sourceTree = "<group>";
		};
		805B99D62A17606E003FB5BF /* Calendar */ = {
			isa = PBXGroup;
			children = (
				805B99DC2A17D709003FB5BF /* Implementation */,
				805B99DB2A17D704003FB5BF /* Interface */,
			);
			path = Calendar;
			sourceTree = "<group>";
		};
		805B99DB2A17D704003FB5BF /* Interface */ = {
			isa = PBXGroup;
			children = (
				802BE78D2A1FB9D5005174E6 /* CalendarDelegate.swift */,
			);
			path = Interface;
			sourceTree = "<group>";
		};
		805B99DC2A17D709003FB5BF /* Implementation */ = {
			isa = PBXGroup;
			children = (
				809DCD412A1713390030F746 /* CalendarDiffableDataSourceProvider.swift */,
				805B99FA2A192837003FB5BF /* DateCalculator.swift */,
				800BDDDF2A1C5CDE001C6F17 /* CalendarManager.swift */,
			);
			path = Implementation;
			sourceTree = "<group>";
		};
		805B99E12A17E6D3003FB5BF /* Fonts */ = {
			isa = PBXGroup;
			children = (
				805B99E22A17E6DD003FB5BF /* Pretendard-Black.otf */,
				805B99E42A17E6E3003FB5BF /* Pretendard-Bold.otf */,
				805B99E62A17E6E8003FB5BF /* Pretendard-ExtraBold.otf */,
				805B99E82A17E6F0003FB5BF /* Pretendard-ExtraLight.otf */,
				805B99EA2A17E6F9003FB5BF /* Pretendard-Light.otf */,
				805B99EC2A17E701003FB5BF /* Pretendard-Medium.otf */,
				805B99EE2A17E708003FB5BF /* Pretendard-Regular.otf */,
				805B99F02A17E70D003FB5BF /* Pretendard-SemiBold.otf */,
				805B99F22A17E711003FB5BF /* Pretendard-Thin.otf */,
			);
			path = Fonts;
			sourceTree = "<group>";
		};
		806EA3702A26D74F004354F7 /* PushAlarm */ = {
			isa = PBXGroup;
			children = (
				806EA3712A26D76F004354F7 /* AlarmSwitchView.swift */,
			);
			path = PushAlarm;
			sourceTree = "<group>";
		};
		807215882A261DBC002EF053 /* Food */ = {
			isa = PBXGroup;
			children = (
				807215892A261DCD002EF053 /* FoodManager.swift */,
			);
			path = Food;
			sourceTree = "<group>";
		};
		8072158D2A265EBB002EF053 /* Interface */ = {
			isa = PBXGroup;
			children = (
				8072158E2A265ED0002EF053 /* MenuPopupViewDelegate.swift */,
			);
			path = Interface;
			sourceTree = "<group>";
		};
		807215902A266652002EF053 /* List */ = {
			isa = PBXGroup;
			children = (
				807215912A26665D002EF053 /* ListTableView.swift */,
				807215972A266A16002EF053 /* ListCell.swift */,
			);
			path = List;
			sourceTree = "<group>";
		};
		807215992A266B19002EF053 /* TableView */ = {
			isa = PBXGroup;
			children = (
				8072159A2A266B26002EF053 /* Interface */,
			);
			path = TableView;
			sourceTree = "<group>";
		};
		8072159A2A266B26002EF053 /* Interface */ = {
			isa = PBXGroup;
			children = (
				8072159B2A266B4F002EF053 /* TableViewProvidable.swift */,
				8072159D2A266BA8002EF053 /* TableViewDiffableDataSourceProvidable.swift */,
			);
			path = Interface;
			sourceTree = "<group>";
		};
		807215A22A2670ED002EF053 /* List */ = {
			isa = PBXGroup;
			children = (
				807215A32A2670FA002EF053 /* Implementation */,
			);
			path = List;
			sourceTree = "<group>";
		};
		807215A32A2670FA002EF053 /* Implementation */ = {
			isa = PBXGroup;
			children = (
				807215A42A26710C002EF053 /* ListDiffableDataSourceProvider.swift */,
				807215A92A267391002EF053 /* ListManager.swift */,
			);
			path = Implementation;
			sourceTree = "<group>";
		};
		807215A62A26713C002EF053 /* List */ = {
			isa = PBXGroup;
			children = (
				807215A72A267146002EF053 /* ListSection.swift */,
			);
			path = List;
			sourceTree = "<group>";
		};
		809DCCE62A1667BE0030F746 = {
			isa = PBXGroup;
			children = (
				809DCCF12A1667BE0030F746 /* ios-menu-app */,
				809DCD082A1667BF0030F746 /* ios-menu-appTests */,
				809DCD122A1667BF0030F746 /* ios-menu-appUITests */,
				809DCCF02A1667BE0030F746 /* Products */,
			);
			sourceTree = "<group>";
		};
		809DCCF02A1667BE0030F746 /* Products */ = {
			isa = PBXGroup;
			children = (
				809DCCEF2A1667BE0030F746 /* ios-menu-app.app */,
				809DCD052A1667BF0030F746 /* ios-menu-appTests.xctest */,
				809DCD0F2A1667BF0030F746 /* ios-menu-appUITests.xctest */,
			);
			name = Products;
			sourceTree = "<group>";
		};
		809DCCF12A1667BE0030F746 /* ios-menu-app */ = {
			isa = PBXGroup;
			children = (
				809DCD352A16712D0030F746 /* Models */,
				809DCD392A16720D0030F746 /* Views */,
				809DCD232A166AAA0030F746 /* Controllers */,
				809DCD2B2A166BFD0030F746 /* Extensions */,
				809DCD222A166A890030F746 /* Resources */,
				809DCD002A1667BF0030F746 /* Info.plist */,
			);
			path = "ios-menu-app";
			sourceTree = "<group>";
		};
		809DCD082A1667BF0030F746 /* ios-menu-appTests */ = {
			isa = PBXGroup;
			children = (
				809DCD092A1667BF0030F746 /* CoreDataTest.swift */,
			);
			path = "ios-menu-appTests";
			sourceTree = "<group>";
		};
		809DCD122A1667BF0030F746 /* ios-menu-appUITests */ = {
			isa = PBXGroup;
			children = (
				809DCD132A1667BF0030F746 /* ios_menu_appUITests.swift */,
				809DCD152A1667BF0030F746 /* ios_menu_appUITestsLaunchTests.swift */,
			);
			path = "ios-menu-appUITests";
			sourceTree = "<group>";
		};
		809DCD222A166A890030F746 /* Resources */ = {
			isa = PBXGroup;
			children = (
				809DCD262A166BAF0030F746 /* DesignSystem */,
				809DCCF22A1667BE0030F746 /* AppDelegate.swift */,
				809DCCF42A1667BE0030F746 /* SceneDelegate.swift */,
				809DCCFB2A1667BF0030F746 /* Assets.xcassets */,
				809DCCFD2A1667BF0030F746 /* LaunchScreen.storyboard */,
			);
			path = Resources;
			sourceTree = "<group>";
		};
		809DCD232A166AAA0030F746 /* Controllers */ = {
			isa = PBXGroup;
			children = (
				809DCCF62A1667BE0030F746 /* CalendarViewController.swift */,
				802BE78F2A2081C3005174E6 /* MenuPopupViewController.swift */,
				80137CFC2A25EA8D00DE7E17 /* FoodViewController.swift */,
				809DCD312A16706F0030F746 /* ListViewController.swift */,
				809DCD332A1670920030F746 /* PushAlarmViewController.swift */,
				807215882A261DBC002EF053 /* Food */,
				802BE77D2A1F4C97005174E6 /* CoreData */,
				802BE7912A2082CF005174E6 /* Menu */,
				805B99D62A17606E003FB5BF /* Calendar */,
				807215A22A2670ED002EF053 /* List */,
				807215992A266B19002EF053 /* TableView */,
				80D4BCD92A208484009FEFC5 /* CollectionView */,
				809DCD2E2A166FEB0030F746 /* TabBar */,
			);
			path = Controllers;
			sourceTree = "<group>";
		};
		809DCD262A166BAF0030F746 /* DesignSystem */ = {
			isa = PBXGroup;
			children = (
				80D4BCE62A211D4D009FEFC5 /* Images */,
				80D4BCE52A211D3C009FEFC5 /* Colors */,
				80F341D92A1A712A00F3C750 /* UIObjects */,
				805B99E12A17E6D3003FB5BF /* Fonts */,
			);
			path = DesignSystem;
			sourceTree = "<group>";
		};
		809DCD2B2A166BFD0030F746 /* Extensions */ = {
			isa = PBXGroup;
			children = (
				809DCD2C2A166C0E0030F746 /* UIColor+.swift */,
				805B99F42A17E779003FB5BF /* UIFont+.swift */,
				805B99FC2A1928BC003FB5BF /* UICollectionView+.swift */,
				807215952A2669C4002EF053 /* UITableView+.swift */,
				807215932A2669A7002EF053 /* UITableViewCell+.swift */,
				805B9A022A192FCC003FB5BF /* UICollectionReusableView+.swift */,
				80F341D12A19411100F3C750 /* CALayer+.swift */,
				80F341D32A19446A00F3C750 /* UIStackView+.swift */,
				80D4BCDC2A209386009FEFC5 /* Date+.swift */,
				80D4BCE22A211C32009FEFC5 /* UIButton+.swift */,
			);
			path = Extensions;
			sourceTree = "<group>";
		};
		809DCD2E2A166FEB0030F746 /* TabBar */ = {
			isa = PBXGroup;
			children = (
				809DCD2F2A1670000030F746 /* TabBarController.swift */,
			);
			path = TabBar;
			sourceTree = "<group>";
		};
		809DCD352A16712D0030F746 /* Models */ = {
			isa = PBXGroup;
			children = (
				802DFA252A252BC000DB6724 /* Notification */,
				80C806CC2A1E52E700506FAC /* CoreData */,
				80EDF9BD2A1DC082002DF0EA /* Menu */,
				80137CFE2A25FA4A00DE7E17 /* Food */,
				807215A62A26713C002EF053 /* List */,
				80F341E02A1B332500F3C750 /* Error */,
				809DCD402A1712FC0030F746 /* Calendar */,
				809DCD362A1671310030F746 /* TabBar */,
			);
			path = Models;
			sourceTree = "<group>";
		};
		809DCD362A1671310030F746 /* TabBar */ = {
			isa = PBXGroup;
			children = (
				809DCD372A1671570030F746 /* TabBarModel.swift */,
			);
			path = TabBar;
			sourceTree = "<group>";
		};
		809DCD392A16720D0030F746 /* Views */ = {
			isa = PBXGroup;
			children = (
				806EA3702A26D74F004354F7 /* PushAlarm */,
				807215902A266652002EF053 /* List */,
				80137CFF2A25FA5F00DE7E17 /* Food */,
				802BE7922A2082D6005174E6 /* Menu */,
				809DCD3D2A1711070030F746 /* Calendar */,
				809DCD3A2A1672120030F746 /* TabBar */,
			);
			path = Views;
			sourceTree = "<group>";
		};
		809DCD3A2A1672120030F746 /* TabBar */ = {
			isa = PBXGroup;
			children = (
				809DCD3B2A1672230030F746 /* TabBarView.swift */,
			);
			path = TabBar;
			sourceTree = "<group>";
		};
		809DCD3D2A1711070030F746 /* Calendar */ = {
			isa = PBXGroup;
			children = (
				809DCD482A174D2A0030F746 /* Implementation */,
			);
			path = Calendar;
			sourceTree = "<group>";
		};
		809DCD402A1712FC0030F746 /* Calendar */ = {
			isa = PBXGroup;
			children = (
				80F341DC2A1B2C5400F3C750 /* DayComponent.swift */,
				80F341DE2A1B2E8900F3C750 /* MonthComponent.swift */,
				800BDDE12A1C88F9001C6F17 /* CalendarSection.swift */,
				802DFA232A2525B300DB6724 /* CalendarItem.swift */,
			);
			path = Calendar;
			sourceTree = "<group>";
		};
		809DCD472A174D220030F746 /* Interface */ = {
			isa = PBXGroup;
			children = (
				805B99DD2A17D80D003FB5BF /* CollectionViewDiffableDataSourceProvidable.swift */,
				809DCD4A2A174D810030F746 /* CollectionViewProvidable.swift */,
			);
			path = Interface;
			sourceTree = "<group>";
		};
		809DCD482A174D2A0030F746 /* Implementation */ = {
			isa = PBXGroup;
			children = (
				809DCD3E2A1711240030F746 /* CalendarCollectionView.swift */,
				809DCD4C2A174E6E0030F746 /* DateCell.swift */,
				805B9A002A192AF3003FB5BF /* WeakView.swift */,
				802DFA1F2A24753D00DB6724 /* CalendarHeaderDateCell.swift */,
			);
			path = Implementation;
			sourceTree = "<group>";
		};
		80C806CC2A1E52E700506FAC /* CoreData */ = {
			isa = PBXGroup;
			children = (
				802BE7752A1F2EDE005174E6 /* Food+CoreDataClass.swift */,
				802BE7772A1F2EDE005174E6 /* Menu+CoreDataClass.swift */,
				802BE7762A1F2EDE005174E6 /* Food+CoreDataProperties.swift */,
				802BE7782A1F2EDE005174E6 /* Menu+CoreDataProperties.swift */,
				80C806CD2A1E52FC00506FAC /* Menu.xcdatamodeld */,
			);
			path = CoreData;
			sourceTree = "<group>";
		};
		80D4BCD92A208484009FEFC5 /* CollectionView */ = {
			isa = PBXGroup;
			children = (
				809DCD472A174D220030F746 /* Interface */,
			);
			path = CollectionView;
			sourceTree = "<group>";
		};
		80D4BCE52A211D3C009FEFC5 /* Colors */ = {
			isa = PBXGroup;
			children = (
				809DCD282A166BC10030F746 /* Color.xcassets */,
				809DCD272A166BC10030F746 /* Palette.swift */,
			);
			path = Colors;
			sourceTree = "<group>";
		};
		80D4BCE62A211D4D009FEFC5 /* Images */ = {
			isa = PBXGroup;
			children = (
				80D4BCE72A211D5E009FEFC5 /* SystemName.swift */,
			);
			path = Images;
			sourceTree = "<group>";
		};
		80EBF0C22A232C8D0094798E /* Implementation */ = {
			isa = PBXGroup;
			children = (
				80EBF0C32A232CE70094798E /* MenuDiffableDataSourceProvider.swift */,
				80EBF0C52A23319D0094798E /* MenuManager.swift */,
			);
			path = Implementation;
			sourceTree = "<group>";
		};
		80EDF9BD2A1DC082002DF0EA /* Menu */ = {
			isa = PBXGroup;
			children = (
				802DFA2A2A259A8F00DB6724 /* MenuHeaderComponent.swift */,
				802DFA2C2A25A8E300DB6724 /* MenuSection.swift */,
				802DFA2E2A25A90200DB6724 /* MenuItem.swift */,
			);
			path = Menu;
			sourceTree = "<group>";
		};
		80F341D92A1A712A00F3C750 /* UIObjects */ = {
			isa = PBXGroup;
			children = (
				80F341DA2A1A714500F3C750 /* SeparateBarView.swift */,
				80D4BCEB2A211FAF009FEFC5 /* PretendardLabel.swift */,
				80D4BCF42A226298009FEFC5 /* ToolBarButton.swift */,
				807215862A2609B0002EF053 /* FoodListStackView.swift */,
			);
			path = UIObjects;
			sourceTree = "<group>";
		};
		80F341E02A1B332500F3C750 /* Error */ = {
			isa = PBXGroup;
			children = (
				80F341E12A1B333000F3C750 /* CalendarError.swift */,
			);
			path = Error;
			sourceTree = "<group>";
		};
/* End PBXGroup section */

/* Begin PBXNativeTarget section */
		809DCCEE2A1667BE0030F746 /* ios-menu-app */ = {
			isa = PBXNativeTarget;
			buildConfigurationList = 809DCD192A1667BF0030F746 /* Build configuration list for PBXNativeTarget "ios-menu-app" */;
			buildPhases = (
				809DCCEB2A1667BE0030F746 /* Sources */,
				809DCCEC2A1667BE0030F746 /* Frameworks */,
				809DCCED2A1667BE0030F746 /* Resources */,
			);
			buildRules = (
			);
			dependencies = (
			);
			name = "ios-menu-app";
			productName = "ios-menu-app";
			productReference = 809DCCEF2A1667BE0030F746 /* ios-menu-app.app */;
			productType = "com.apple.product-type.application";
		};
		809DCD042A1667BF0030F746 /* ios-menu-appTests */ = {
			isa = PBXNativeTarget;
			buildConfigurationList = 809DCD1C2A1667BF0030F746 /* Build configuration list for PBXNativeTarget "ios-menu-appTests" */;
			buildPhases = (
				809DCD012A1667BF0030F746 /* Sources */,
				809DCD022A1667BF0030F746 /* Frameworks */,
				809DCD032A1667BF0030F746 /* Resources */,
			);
			buildRules = (
			);
			dependencies = (
				809DCD072A1667BF0030F746 /* PBXTargetDependency */,
			);
			name = "ios-menu-appTests";
			productName = "ios-menu-appTests";
			productReference = 809DCD052A1667BF0030F746 /* ios-menu-appTests.xctest */;
			productType = "com.apple.product-type.bundle.unit-test";
		};
		809DCD0E2A1667BF0030F746 /* ios-menu-appUITests */ = {
			isa = PBXNativeTarget;
			buildConfigurationList = 809DCD1F2A1667BF0030F746 /* Build configuration list for PBXNativeTarget "ios-menu-appUITests" */;
			buildPhases = (
				809DCD0B2A1667BF0030F746 /* Sources */,
				809DCD0C2A1667BF0030F746 /* Frameworks */,
				809DCD0D2A1667BF0030F746 /* Resources */,
			);
			buildRules = (
			);
			dependencies = (
				809DCD112A1667BF0030F746 /* PBXTargetDependency */,
			);
			name = "ios-menu-appUITests";
			productName = "ios-menu-appUITests";
			productReference = 809DCD0F2A1667BF0030F746 /* ios-menu-appUITests.xctest */;
			productType = "com.apple.product-type.bundle.ui-testing";
		};
/* End PBXNativeTarget section */

/* Begin PBXProject section */
		809DCCE72A1667BE0030F746 /* Project object */ = {
			isa = PBXProject;
			attributes = {
				BuildIndependentTargetsInParallel = 1;
				LastSwiftUpdateCheck = 1420;
				LastUpgradeCheck = 1420;
				TargetAttributes = {
					809DCCEE2A1667BE0030F746 = {
						CreatedOnToolsVersion = 14.2;
					};
					809DCD042A1667BF0030F746 = {
						CreatedOnToolsVersion = 14.2;
						TestTargetID = 809DCCEE2A1667BE0030F746;
					};
					809DCD0E2A1667BF0030F746 = {
						CreatedOnToolsVersion = 14.2;
						TestTargetID = 809DCCEE2A1667BE0030F746;
					};
				};
			};
			buildConfigurationList = 809DCCEA2A1667BE0030F746 /* Build configuration list for PBXProject "ios-menu-app" */;
			compatibilityVersion = "Xcode 14.0";
			developmentRegion = en;
			hasScannedForEncodings = 0;
			knownRegions = (
				en,
				Base,
			);
			mainGroup = 809DCCE62A1667BE0030F746;
			productRefGroup = 809DCCF02A1667BE0030F746 /* Products */;
			projectDirPath = "";
			projectRoot = "";
			targets = (
				809DCCEE2A1667BE0030F746 /* ios-menu-app */,
				809DCD042A1667BF0030F746 /* ios-menu-appTests */,
				809DCD0E2A1667BF0030F746 /* ios-menu-appUITests */,
			);
		};
/* End PBXProject section */

/* Begin PBXResourcesBuildPhase section */
		809DCCED2A1667BE0030F746 /* Resources */ = {
			isa = PBXResourcesBuildPhase;
			buildActionMask = 2147483647;
			files = (
				805B99F12A17E70D003FB5BF /* Pretendard-SemiBold.otf in Resources */,
				805B99E92A17E6F0003FB5BF /* Pretendard-ExtraLight.otf in Resources */,
				805B99EB2A17E6F9003FB5BF /* Pretendard-Light.otf in Resources */,
				805B99F32A17E711003FB5BF /* Pretendard-Thin.otf in Resources */,
				809DCD2A2A166BC10030F746 /* Color.xcassets in Resources */,
				805B99E52A17E6E3003FB5BF /* Pretendard-Bold.otf in Resources */,
				805B99E72A17E6E8003FB5BF /* Pretendard-ExtraBold.otf in Resources */,
				809DCCFF2A1667BF0030F746 /* LaunchScreen.storyboard in Resources */,
				805B99E32A17E6DD003FB5BF /* Pretendard-Black.otf in Resources */,
				805B99EF2A17E708003FB5BF /* Pretendard-Regular.otf in Resources */,
				809DCCFC2A1667BF0030F746 /* Assets.xcassets in Resources */,
				805B99ED2A17E701003FB5BF /* Pretendard-Medium.otf in Resources */,
			);
			runOnlyForDeploymentPostprocessing = 0;
		};
		809DCD032A1667BF0030F746 /* Resources */ = {
			isa = PBXResourcesBuildPhase;
			buildActionMask = 2147483647;
			files = (
			);
			runOnlyForDeploymentPostprocessing = 0;
		};
		809DCD0D2A1667BF0030F746 /* Resources */ = {
			isa = PBXResourcesBuildPhase;
			buildActionMask = 2147483647;
			files = (
			);
			runOnlyForDeploymentPostprocessing = 0;
		};
/* End PBXResourcesBuildPhase section */

/* Begin PBXSourcesBuildPhase section */
		809DCCEB2A1667BE0030F746 /* Sources */ = {
			isa = PBXSourcesBuildPhase;
			buildActionMask = 2147483647;
			files = (
				802BE7902A2081C3005174E6 /* MenuPopupViewController.swift in Sources */,
				804F0BAD2A23C0D1009325B4 /* FoodCategory.swift in Sources */,
				805B99F52A17E779003FB5BF /* UIFont+.swift in Sources */,
				807215872A2609B0002EF053 /* FoodListStackView.swift in Sources */,
				809DCD382A1671570030F746 /* TabBarModel.swift in Sources */,
				8072158C2A262EA7002EF053 /* FoodList.swift in Sources */,
				802DFA202A24753D00DB6724 /* CalendarHeaderDateCell.swift in Sources */,
				809DCD4D2A174E6E0030F746 /* DateCell.swift in Sources */,
				802DFA312A25AB8200DB6724 /* MenuFooterView.swift in Sources */,
				809DCCF72A1667BE0030F746 /* CalendarViewController.swift in Sources */,
				805B99FD2A1928BC003FB5BF /* UICollectionView+.swift in Sources */,
				8072159C2A266B4F002EF053 /* TableViewProvidable.swift in Sources */,
				807215AA2A267391002EF053 /* ListManager.swift in Sources */,
				80D4BCDD2A209386009FEFC5 /* Date+.swift in Sources */,
				805B99DE2A17D80D003FB5BF /* CollectionViewDiffableDataSourceProvidable.swift in Sources */,
				809DCCF32A1667BE0030F746 /* AppDelegate.swift in Sources */,
				80F341D22A19411100F3C750 /* CALayer+.swift in Sources */,
				80D4BCDB2A20872E009FEFC5 /* MenuPopupView.swift in Sources */,
				8072158A2A261DCD002EF053 /* FoodManager.swift in Sources */,
				805B99FB2A192837003FB5BF /* DateCalculator.swift in Sources */,
				807215A82A267146002EF053 /* ListSection.swift in Sources */,
				809DCCF52A1667BE0030F746 /* SceneDelegate.swift in Sources */,
				800BDDE22A1C88F9001C6F17 /* CalendarSection.swift in Sources */,
				802BE78E2A1FB9D5005174E6 /* CalendarDelegate.swift in Sources */,
				809DCD302A1670000030F746 /* TabBarController.swift in Sources */,
				809DCD342A1670920030F746 /* PushAlarmViewController.swift in Sources */,
				802DFA242A2525B300DB6724 /* CalendarItem.swift in Sources */,
				8072159E2A266BA8002EF053 /* TableViewDiffableDataSourceProvidable.swift in Sources */,
				809DCD4B2A174D810030F746 /* CollectionViewProvidable.swift in Sources */,
				802DFA2F2A25A90200DB6724 /* MenuItem.swift in Sources */,
				80F341DF2A1B2E8900F3C750 /* MonthComponent.swift in Sources */,
				809DCD422A1713390030F746 /* CalendarDiffableDataSourceProvider.swift in Sources */,
				802BE77C2A1F2EDE005174E6 /* Menu+CoreDataProperties.swift in Sources */,
				809DCD292A166BC10030F746 /* Palette.swift in Sources */,
				802DFA272A252BEC00DB6724 /* Notification.Name+.swift in Sources */,
				80D4BCE82A211D5E009FEFC5 /* SystemName.swift in Sources */,
				800BDDE02A1C5CDE001C6F17 /* CalendarManager.swift in Sources */,
				807215962A2669C4002EF053 /* UITableView+.swift in Sources */,
				8072158F2A265ED0002EF053 /* MenuPopupViewDelegate.swift in Sources */,
				802BE7972A208359005174E6 /* MenuCollectionView.swift in Sources */,
				80D4BCEC2A211FAF009FEFC5 /* PretendardLabel.swift in Sources */,
				802DFA2D2A25A8E300DB6724 /* MenuSection.swift in Sources */,
				80EBF0C42A232CE70094798E /* MenuDiffableDataSourceProvider.swift in Sources */,
				807215982A266A16002EF053 /* ListCell.swift in Sources */,
				806EA3722A26D76F004354F7 /* AlarmSwitchView.swift in Sources */,
				802DFA292A252C0200DB6724 /* NotificationKeys.swift in Sources */,
				80D4BCF52A226298009FEFC5 /* ToolBarButton.swift in Sources */,
				805B9A012A192AF3003FB5BF /* WeakView.swift in Sources */,
				809DCD2D2A166C0E0030F746 /* UIColor+.swift in Sources */,
				80137D012A25FA7B00DE7E17 /* FoodModalView.swift in Sources */,
				802BE7792A1F2EDE005174E6 /* Food+CoreDataClass.swift in Sources */,
				802BE77B2A1F2EDE005174E6 /* Menu+CoreDataClass.swift in Sources */,
				802DFA222A24769200DB6724 /* MenuHeaderDateView.swift in Sources */,
				80F341E22A1B333000F3C750 /* CalendarError.swift in Sources */,
				80D4BCFE2A228C78009FEFC5 /* MenuCell.swift in Sources */,
				80F341DD2A1B2C5400F3C750 /* DayComponent.swift in Sources */,
				809DCD3C2A1672230030F746 /* TabBarView.swift in Sources */,
				807215922A26665D002EF053 /* ListTableView.swift in Sources */,
				80137CFD2A25EA8D00DE7E17 /* FoodViewController.swift in Sources */,
				80C806CF2A1E52FC00506FAC /* Menu.xcdatamodeld in Sources */,
				809DCD322A16706F0030F746 /* ListViewController.swift in Sources */,
				802DFA2B2A259A8F00DB6724 /* MenuHeaderComponent.swift in Sources */,
				802BE77A2A1F2EDE005174E6 /* Food+CoreDataProperties.swift in Sources */,
				80F341D42A19446A00F3C750 /* UIStackView+.swift in Sources */,
				805B9A032A192FCC003FB5BF /* UICollectionReusableView+.swift in Sources */,
				807215A52A26710C002EF053 /* ListDiffableDataSourceProvider.swift in Sources */,
				802BE77F2A1F4CAC005174E6 /* PersistenceManager.swift in Sources */,
				80EBF0C62A23319D0094798E /* MenuManager.swift in Sources */,
				80F341DB2A1A714500F3C750 /* SeparateBarView.swift in Sources */,
				807215942A2669A7002EF053 /* UITableViewCell+.swift in Sources */,
				809DCD3F2A1711240030F746 /* CalendarCollectionView.swift in Sources */,
				80D4BCE32A211C32009FEFC5 /* UIButton+.swift in Sources */,
			);
			runOnlyForDeploymentPostprocessing = 0;
		};
		809DCD012A1667BF0030F746 /* Sources */ = {
			isa = PBXSourcesBuildPhase;
			buildActionMask = 2147483647;
			files = (
			);
			runOnlyForDeploymentPostprocessing = 0;
		};
		809DCD0B2A1667BF0030F746 /* Sources */ = {
			isa = PBXSourcesBuildPhase;
			buildActionMask = 2147483647;
			files = (
				809DCD142A1667BF0030F746 /* ios_menu_appUITests.swift in Sources */,
				809DCD162A1667BF0030F746 /* ios_menu_appUITestsLaunchTests.swift in Sources */,
			);
			runOnlyForDeploymentPostprocessing = 0;
		};
/* End PBXSourcesBuildPhase section */

/* Begin PBXTargetDependency section */
		809DCD072A1667BF0030F746 /* PBXTargetDependency */ = {
			isa = PBXTargetDependency;
			target = 809DCCEE2A1667BE0030F746 /* ios-menu-app */;
			targetProxy = 809DCD062A1667BF0030F746 /* PBXContainerItemProxy */;
		};
		809DCD112A1667BF0030F746 /* PBXTargetDependency */ = {
			isa = PBXTargetDependency;
			target = 809DCCEE2A1667BE0030F746 /* ios-menu-app */;
			targetProxy = 809DCD102A1667BF0030F746 /* PBXContainerItemProxy */;
		};
/* End PBXTargetDependency section */

/* Begin PBXVariantGroup section */
		809DCCFD2A1667BF0030F746 /* LaunchScreen.storyboard */ = {
			isa = PBXVariantGroup;
			children = (
				809DCCFE2A1667BF0030F746 /* Base */,
			);
			name = LaunchScreen.storyboard;
			sourceTree = "<group>";
		};
/* End PBXVariantGroup section */

/* Begin XCBuildConfiguration section */
		809DCD172A1667BF0030F746 /* Debug */ = {
			isa = XCBuildConfiguration;
			buildSettings = {
				ALWAYS_SEARCH_USER_PATHS = NO;
				CLANG_ANALYZER_NONNULL = YES;
				CLANG_ANALYZER_NUMBER_OBJECT_CONVERSION = YES_AGGRESSIVE;
				CLANG_CXX_LANGUAGE_STANDARD = "gnu++20";
				CLANG_ENABLE_MODULES = YES;
				CLANG_ENABLE_OBJC_ARC = YES;
				CLANG_ENABLE_OBJC_WEAK = YES;
				CLANG_WARN_BLOCK_CAPTURE_AUTORELEASING = YES;
				CLANG_WARN_BOOL_CONVERSION = YES;
				CLANG_WARN_COMMA = YES;
				CLANG_WARN_CONSTANT_CONVERSION = YES;
				CLANG_WARN_DEPRECATED_OBJC_IMPLEMENTATIONS = YES;
				CLANG_WARN_DIRECT_OBJC_ISA_USAGE = YES_ERROR;
				CLANG_WARN_DOCUMENTATION_COMMENTS = YES;
				CLANG_WARN_EMPTY_BODY = YES;
				CLANG_WARN_ENUM_CONVERSION = YES;
				CLANG_WARN_INFINITE_RECURSION = YES;
				CLANG_WARN_INT_CONVERSION = YES;
				CLANG_WARN_NON_LITERAL_NULL_CONVERSION = YES;
				CLANG_WARN_OBJC_IMPLICIT_RETAIN_SELF = YES;
				CLANG_WARN_OBJC_LITERAL_CONVERSION = YES;
				CLANG_WARN_OBJC_ROOT_CLASS = YES_ERROR;
				CLANG_WARN_QUOTED_INCLUDE_IN_FRAMEWORK_HEADER = YES;
				CLANG_WARN_RANGE_LOOP_ANALYSIS = YES;
				CLANG_WARN_STRICT_PROTOTYPES = YES;
				CLANG_WARN_SUSPICIOUS_MOVE = YES;
				CLANG_WARN_UNGUARDED_AVAILABILITY = YES_AGGRESSIVE;
				CLANG_WARN_UNREACHABLE_CODE = YES;
				CLANG_WARN__DUPLICATE_METHOD_MATCH = YES;
				COPY_PHASE_STRIP = NO;
				DEBUG_INFORMATION_FORMAT = dwarf;
				ENABLE_STRICT_OBJC_MSGSEND = YES;
				ENABLE_TESTABILITY = YES;
				GCC_C_LANGUAGE_STANDARD = gnu11;
				GCC_DYNAMIC_NO_PIC = NO;
				GCC_NO_COMMON_BLOCKS = YES;
				GCC_OPTIMIZATION_LEVEL = 0;
				GCC_PREPROCESSOR_DEFINITIONS = (
					"DEBUG=1",
					"$(inherited)",
				);
				GCC_WARN_64_TO_32_BIT_CONVERSION = YES;
				GCC_WARN_ABOUT_RETURN_TYPE = YES_ERROR;
				GCC_WARN_UNDECLARED_SELECTOR = YES;
				GCC_WARN_UNINITIALIZED_AUTOS = YES_AGGRESSIVE;
				GCC_WARN_UNUSED_FUNCTION = YES;
				GCC_WARN_UNUSED_VARIABLE = YES;
				IPHONEOS_DEPLOYMENT_TARGET = 14.0;
				MTL_ENABLE_DEBUG_INFO = INCLUDE_SOURCE;
				MTL_FAST_MATH = YES;
				ONLY_ACTIVE_ARCH = YES;
				SDKROOT = iphoneos;
				SWIFT_ACTIVE_COMPILATION_CONDITIONS = DEBUG;
				SWIFT_OPTIMIZATION_LEVEL = "-Onone";
			};
			name = Debug;
		};
		809DCD182A1667BF0030F746 /* Release */ = {
			isa = XCBuildConfiguration;
			buildSettings = {
				ALWAYS_SEARCH_USER_PATHS = NO;
				CLANG_ANALYZER_NONNULL = YES;
				CLANG_ANALYZER_NUMBER_OBJECT_CONVERSION = YES_AGGRESSIVE;
				CLANG_CXX_LANGUAGE_STANDARD = "gnu++20";
				CLANG_ENABLE_MODULES = YES;
				CLANG_ENABLE_OBJC_ARC = YES;
				CLANG_ENABLE_OBJC_WEAK = YES;
				CLANG_WARN_BLOCK_CAPTURE_AUTORELEASING = YES;
				CLANG_WARN_BOOL_CONVERSION = YES;
				CLANG_WARN_COMMA = YES;
				CLANG_WARN_CONSTANT_CONVERSION = YES;
				CLANG_WARN_DEPRECATED_OBJC_IMPLEMENTATIONS = YES;
				CLANG_WARN_DIRECT_OBJC_ISA_USAGE = YES_ERROR;
				CLANG_WARN_DOCUMENTATION_COMMENTS = YES;
				CLANG_WARN_EMPTY_BODY = YES;
				CLANG_WARN_ENUM_CONVERSION = YES;
				CLANG_WARN_INFINITE_RECURSION = YES;
				CLANG_WARN_INT_CONVERSION = YES;
				CLANG_WARN_NON_LITERAL_NULL_CONVERSION = YES;
				CLANG_WARN_OBJC_IMPLICIT_RETAIN_SELF = YES;
				CLANG_WARN_OBJC_LITERAL_CONVERSION = YES;
				CLANG_WARN_OBJC_ROOT_CLASS = YES_ERROR;
				CLANG_WARN_QUOTED_INCLUDE_IN_FRAMEWORK_HEADER = YES;
				CLANG_WARN_RANGE_LOOP_ANALYSIS = YES;
				CLANG_WARN_STRICT_PROTOTYPES = YES;
				CLANG_WARN_SUSPICIOUS_MOVE = YES;
				CLANG_WARN_UNGUARDED_AVAILABILITY = YES_AGGRESSIVE;
				CLANG_WARN_UNREACHABLE_CODE = YES;
				CLANG_WARN__DUPLICATE_METHOD_MATCH = YES;
				COPY_PHASE_STRIP = NO;
				DEBUG_INFORMATION_FORMAT = "dwarf-with-dsym";
				ENABLE_NS_ASSERTIONS = NO;
				ENABLE_STRICT_OBJC_MSGSEND = YES;
				GCC_C_LANGUAGE_STANDARD = gnu11;
				GCC_NO_COMMON_BLOCKS = YES;
				GCC_WARN_64_TO_32_BIT_CONVERSION = YES;
				GCC_WARN_ABOUT_RETURN_TYPE = YES_ERROR;
				GCC_WARN_UNDECLARED_SELECTOR = YES;
				GCC_WARN_UNINITIALIZED_AUTOS = YES_AGGRESSIVE;
				GCC_WARN_UNUSED_FUNCTION = YES;
				GCC_WARN_UNUSED_VARIABLE = YES;
				IPHONEOS_DEPLOYMENT_TARGET = 14.0;
				MTL_ENABLE_DEBUG_INFO = NO;
				MTL_FAST_MATH = YES;
				SDKROOT = iphoneos;
				SWIFT_COMPILATION_MODE = wholemodule;
				SWIFT_OPTIMIZATION_LEVEL = "-O";
				VALIDATE_PRODUCT = YES;
			};
			name = Release;
		};
		809DCD1A2A1667BF0030F746 /* Debug */ = {
			isa = XCBuildConfiguration;
			buildSettings = {
				ASSETCATALOG_COMPILER_APPICON_NAME = AppIcon;
				ASSETCATALOG_COMPILER_GLOBAL_ACCENT_COLOR_NAME = AccentColor;
				CODE_SIGN_STYLE = Automatic;
				CURRENT_PROJECT_VERSION = 1;
				DEVELOPMENT_TEAM = F2W258F5P6;
				GENERATE_INFOPLIST_FILE = YES;
				INFOPLIST_FILE = "ios-menu-app/Info.plist";
				INFOPLIST_KEY_UIApplicationSupportsIndirectInputEvents = YES;
				INFOPLIST_KEY_UILaunchStoryboardName = LaunchScreen;
				INFOPLIST_KEY_UISupportedInterfaceOrientations_iPad = "UIInterfaceOrientationPortrait UIInterfaceOrientationPortraitUpsideDown UIInterfaceOrientationLandscapeLeft UIInterfaceOrientationLandscapeRight";
				INFOPLIST_KEY_UISupportedInterfaceOrientations_iPhone = "UIInterfaceOrientationPortrait UIInterfaceOrientationLandscapeLeft UIInterfaceOrientationLandscapeRight";
				IPHONEOS_DEPLOYMENT_TARGET = 14.0;
				LD_RUNPATH_SEARCH_PATHS = (
					"$(inherited)",
					"@executable_path/Frameworks",
				);
				MARKETING_VERSION = 1.0;
				PRODUCT_BUNDLE_IDENTIFIER = "com.sunny.ios-menu-app";
				PRODUCT_NAME = "$(TARGET_NAME)";
				SUPPORTED_PLATFORMS = "iphoneos iphonesimulator";
				SUPPORTS_MACCATALYST = NO;
				SUPPORTS_MAC_DESIGNED_FOR_IPHONE_IPAD = NO;
				SWIFT_EMIT_LOC_STRINGS = YES;
				SWIFT_VERSION = 5.0;
				TARGETED_DEVICE_FAMILY = 1;
			};
			name = Debug;
		};
		809DCD1B2A1667BF0030F746 /* Release */ = {
			isa = XCBuildConfiguration;
			buildSettings = {
				ASSETCATALOG_COMPILER_APPICON_NAME = AppIcon;
				ASSETCATALOG_COMPILER_GLOBAL_ACCENT_COLOR_NAME = AccentColor;
				CODE_SIGN_STYLE = Automatic;
				CURRENT_PROJECT_VERSION = 1;
				DEVELOPMENT_TEAM = F2W258F5P6;
				GENERATE_INFOPLIST_FILE = YES;
				INFOPLIST_FILE = "ios-menu-app/Info.plist";
				INFOPLIST_KEY_UIApplicationSupportsIndirectInputEvents = YES;
				INFOPLIST_KEY_UILaunchStoryboardName = LaunchScreen;
				INFOPLIST_KEY_UISupportedInterfaceOrientations_iPad = "UIInterfaceOrientationPortrait UIInterfaceOrientationPortraitUpsideDown UIInterfaceOrientationLandscapeLeft UIInterfaceOrientationLandscapeRight";
				INFOPLIST_KEY_UISupportedInterfaceOrientations_iPhone = "UIInterfaceOrientationPortrait UIInterfaceOrientationLandscapeLeft UIInterfaceOrientationLandscapeRight";
				IPHONEOS_DEPLOYMENT_TARGET = 14.0;
				LD_RUNPATH_SEARCH_PATHS = (
					"$(inherited)",
					"@executable_path/Frameworks",
				);
				MARKETING_VERSION = 1.0;
				PRODUCT_BUNDLE_IDENTIFIER = "com.sunny.ios-menu-app";
				PRODUCT_NAME = "$(TARGET_NAME)";
				SUPPORTED_PLATFORMS = "iphoneos iphonesimulator";
				SUPPORTS_MACCATALYST = NO;
				SUPPORTS_MAC_DESIGNED_FOR_IPHONE_IPAD = NO;
				SWIFT_EMIT_LOC_STRINGS = YES;
				SWIFT_VERSION = 5.0;
				TARGETED_DEVICE_FAMILY = 1;
			};
			name = Release;
		};
		809DCD1D2A1667BF0030F746 /* Debug */ = {
			isa = XCBuildConfiguration;
			buildSettings = {
				ALWAYS_EMBED_SWIFT_STANDARD_LIBRARIES = YES;
				BUNDLE_LOADER = "$(TEST_HOST)";
				CODE_SIGN_STYLE = Automatic;
				CURRENT_PROJECT_VERSION = 1;
				DEVELOPMENT_TEAM = F2W258F5P6;
				GENERATE_INFOPLIST_FILE = YES;
				IPHONEOS_DEPLOYMENT_TARGET = 16.2;
				MARKETING_VERSION = 1.0;
				PRODUCT_BUNDLE_IDENTIFIER = "com.sunny.ios-menu-appTests";
				PRODUCT_NAME = "$(TARGET_NAME)";
				SWIFT_EMIT_LOC_STRINGS = NO;
				SWIFT_VERSION = 5.0;
				TARGETED_DEVICE_FAMILY = "1,2";
				TEST_HOST = "$(BUILT_PRODUCTS_DIR)/ios-menu-app.app/$(BUNDLE_EXECUTABLE_FOLDER_PATH)/ios-menu-app";
			};
			name = Debug;
		};
		809DCD1E2A1667BF0030F746 /* Release */ = {
			isa = XCBuildConfiguration;
			buildSettings = {
				ALWAYS_EMBED_SWIFT_STANDARD_LIBRARIES = YES;
				BUNDLE_LOADER = "$(TEST_HOST)";
				CODE_SIGN_STYLE = Automatic;
				CURRENT_PROJECT_VERSION = 1;
				DEVELOPMENT_TEAM = F2W258F5P6;
				GENERATE_INFOPLIST_FILE = YES;
				IPHONEOS_DEPLOYMENT_TARGET = 16.2;
				MARKETING_VERSION = 1.0;
				PRODUCT_BUNDLE_IDENTIFIER = "com.sunny.ios-menu-appTests";
				PRODUCT_NAME = "$(TARGET_NAME)";
				SWIFT_EMIT_LOC_STRINGS = NO;
				SWIFT_VERSION = 5.0;
				TARGETED_DEVICE_FAMILY = "1,2";
				TEST_HOST = "$(BUILT_PRODUCTS_DIR)/ios-menu-app.app/$(BUNDLE_EXECUTABLE_FOLDER_PATH)/ios-menu-app";
			};
			name = Release;
		};
		809DCD202A1667BF0030F746 /* Debug */ = {
			isa = XCBuildConfiguration;
			buildSettings = {
				ALWAYS_EMBED_SWIFT_STANDARD_LIBRARIES = YES;
				CODE_SIGN_STYLE = Automatic;
				CURRENT_PROJECT_VERSION = 1;
				DEVELOPMENT_TEAM = F2W258F5P6;
				GENERATE_INFOPLIST_FILE = YES;
				MARKETING_VERSION = 1.0;
				PRODUCT_BUNDLE_IDENTIFIER = "com.sunny.ios-menu-appUITests";
				PRODUCT_NAME = "$(TARGET_NAME)";
				SWIFT_EMIT_LOC_STRINGS = NO;
				SWIFT_VERSION = 5.0;
				TARGETED_DEVICE_FAMILY = "1,2";
				TEST_TARGET_NAME = "ios-menu-app";
			};
			name = Debug;
		};
		809DCD212A1667BF0030F746 /* Release */ = {
			isa = XCBuildConfiguration;
			buildSettings = {
				ALWAYS_EMBED_SWIFT_STANDARD_LIBRARIES = YES;
				CODE_SIGN_STYLE = Automatic;
				CURRENT_PROJECT_VERSION = 1;
				DEVELOPMENT_TEAM = F2W258F5P6;
				GENERATE_INFOPLIST_FILE = YES;
				MARKETING_VERSION = 1.0;
				PRODUCT_BUNDLE_IDENTIFIER = "com.sunny.ios-menu-appUITests";
				PRODUCT_NAME = "$(TARGET_NAME)";
				SWIFT_EMIT_LOC_STRINGS = NO;
				SWIFT_VERSION = 5.0;
				TARGETED_DEVICE_FAMILY = "1,2";
				TEST_TARGET_NAME = "ios-menu-app";
			};
			name = Release;
		};
/* End XCBuildConfiguration section */

/* Begin XCConfigurationList section */
		809DCCEA2A1667BE0030F746 /* Build configuration list for PBXProject "ios-menu-app" */ = {
			isa = XCConfigurationList;
			buildConfigurations = (
				809DCD172A1667BF0030F746 /* Debug */,
				809DCD182A1667BF0030F746 /* Release */,
			);
			defaultConfigurationIsVisible = 0;
			defaultConfigurationName = Release;
		};
		809DCD192A1667BF0030F746 /* Build configuration list for PBXNativeTarget "ios-menu-app" */ = {
			isa = XCConfigurationList;
			buildConfigurations = (
				809DCD1A2A1667BF0030F746 /* Debug */,
				809DCD1B2A1667BF0030F746 /* Release */,
			);
			defaultConfigurationIsVisible = 0;
			defaultConfigurationName = Release;
		};
		809DCD1C2A1667BF0030F746 /* Build configuration list for PBXNativeTarget "ios-menu-appTests" */ = {
			isa = XCConfigurationList;
			buildConfigurations = (
				809DCD1D2A1667BF0030F746 /* Debug */,
				809DCD1E2A1667BF0030F746 /* Release */,
			);
			defaultConfigurationIsVisible = 0;
			defaultConfigurationName = Release;
		};
		809DCD1F2A1667BF0030F746 /* Build configuration list for PBXNativeTarget "ios-menu-appUITests" */ = {
			isa = XCConfigurationList;
			buildConfigurations = (
				809DCD202A1667BF0030F746 /* Debug */,
				809DCD212A1667BF0030F746 /* Release */,
			);
			defaultConfigurationIsVisible = 0;
			defaultConfigurationName = Release;
		};
/* End XCConfigurationList section */

/* Begin XCVersionGroup section */
		80C806CD2A1E52FC00506FAC /* Menu.xcdatamodeld */ = {
			isa = XCVersionGroup;
			children = (
				80C806CE2A1E52FC00506FAC /* Menu.xcdatamodel */,
			);
			currentVersion = 80C806CE2A1E52FC00506FAC /* Menu.xcdatamodel */;
			path = Menu.xcdatamodeld;
			sourceTree = "<group>";
			versionGroupType = wrapper.xcdatamodel;
		};
/* End XCVersionGroup section */
	};
	rootObject = 809DCCE72A1667BE0030F746 /* Project object */;
}
